<?xml version="1.0" encoding="utf-8"?>
<Project ToolsVersion="4.0" xmlns="http://schemas.microsoft.com/developer/msbuild/2003">
  <ItemGroup>
    <ClCompile Include="blackjack-console.cpp" />
    <ClCompile Include="Card.cpp" />
    <ClCompile Include="GenericPlayer.cpp" />
    <ClCompile Include="Hand.cpp" />
    <ClCompile Include="House.cpp" />
    <ClCompile Include="Player.cpp" />
    <ClCompile Include="Deck.cpp" />
    <ClCompile Include="Game.cpp" />
  </ItemGroup>
  <ItemGroup>
    <ClInclude Include="Card.h" />
    <ClInclude Include="GenericPlayer.h" />
    <ClInclude Include="Hand.h" />
    <ClInclude Include="House.h" />
    <ClInclude Include="Player.h" />
    <ClInclude Include="Deck.h" />
    <ClInclude Include="Game.h" />
  </ItemGroup>
</Project>